<?xml version="1.0" encoding="utf-8"?>
<Project ToolsVersion="4.0" xmlns="http://schemas.microsoft.com/developer/msbuild/2003">
  <ItemGroup>
    <Filter Include="Source Files">
      <UniqueIdentifier>{4FC737F1-C7A5-4376-A066-2A32D752A2FF}</UniqueIdentifier>
      <Extensions>cpp;c;cc;cxx;def;odl;idl;hpj;bat;asm;asmx</Extensions>
    </Filter>
    <Filter Include="Header Files">
      <UniqueIdentifier>{93995380-89BD-4b04-88EB-625FBE52EBFB}</UniqueIdentifier>
      <Extensions>h;hh;hpp;hxx;hm;inl;inc;ipp;xsd</Extensions>
    </Filter>
    <Filter Include="Resource Files">
      <UniqueIdentifier>{67DA6AB6-F800-4c08-8B7A-83BB121AAD01}</UniqueIdentifier>
      <Extensions>rc;ico;cur;bmp;dlg;rc2;rct;bin;rgs;gif;jpg;jpeg;jpe;resx;tiff;tif;png;wav;mfcribbon-ms</Extensions>
    </Filter>
    <Filter Include="Tests">
      <UniqueIdentifier>{6d1a7475-51c4-4843-be9c-396e4f29dc63}</UniqueIdentifier>
    </Filter>
  </ItemGroup>
  <ItemGroup>
    <ClCompile Include="cashflow.cpp">
      <Filter>Source Files</Filter>
    </ClCompile>
    <ClCompile Include="fibonacci.cpp">
      <Filter>Source Files</Filter>
    </ClCompile>
    <ClCompile Include="main.cpp">
      <Filter>Source Files</Filter>
    </ClCompile>
    <ClCompile Include="check_avx.cpp">
      <Filter>Source Files</Filter>
    </ClCompile>
    <ClCompile Include="test_shared_pointer.cpp">
      <Filter>Source Files</Filter>
    </ClCompile>
    <ClCompile Include="automatic_differentation.cpp">
      <Filter>Source Files</Filter>
    </ClCompile>
    <ClCompile Include="sabrd_model.cpp">
      <Filter>Source Files</Filter>
    </ClCompile>
    <ClCompile Include="NormalDistribution1D.cpp">
      <Filter>Source Files</Filter>
    </ClCompile>
    <ClCompile Include="Test.cpp">
      <Filter>Tests</Filter>
    </ClCompile>
    <ClCompile Include="test_normal_distribution.cpp">
      <Filter>Tests</Filter>
    </ClCompile>
    <ClCompile Include="NormalDistribution2D.cpp">
      <Filter>Source Files</Filter>
    </ClCompile>
  </ItemGroup>
  <ItemGroup>
    <ClInclude Include="automatic_differentation.h">
      <Filter>Header Files</Filter>
    </ClInclude>
    <ClInclude Include="cashflow.h">
      <Filter>Header Files</Filter>
    </ClInclude>
    <ClInclude Include="check_avx.h">
      <Filter>Header Files</Filter>
    </ClInclude>
    <ClInclude Include="fibonacci.h">
      <Filter>Header Files</Filter>
    </ClInclude>
    <ClInclude Include="smart_pointer.h">
      <Filter>Header Files</Filter>
    </ClInclude>
    <ClInclude Include="test_shared_pointer.h">
      <Filter>Header Files</Filter>
    </ClInclude>
    <ClInclude Include="NormalDistribution1D.h">
      <Filter>Header Files</Filter>
    </ClInclude>
    <ClInclude Include="NormalDistribution2D.h">
      <Filter>Header Files</Filter>
    </ClInclude>
    <ClInclude Include="Constants.h">
      <Filter>Header Files</Filter>
    </ClInclude>
  </ItemGroup>
</Project>